// !$*UTF8*$!
{
	archiveVersion = 1;
	classes = {
	};
	objectVersion = 51;
	objects = {

/* Begin PBXBuildFile section */
		6E29F3AC8D8867461FD545AB /* Pods_Rick_and_Morty_MVVM_and_RxSwift.framework in Frameworks */ = {isa = PBXBuildFile; fileRef = 749B9E2FA835F79BE5758D09 /* Pods_Rick_and_Morty_MVVM_and_RxSwift.framework */; };
		E94721AA26B977210095AFB9 /* AppDelegate.swift in Sources */ = {isa = PBXBuildFile; fileRef = E94721A926B977210095AFB9 /* AppDelegate.swift */; };
		E94721AC26B977210095AFB9 /* SceneDelegate.swift in Sources */ = {isa = PBXBuildFile; fileRef = E94721AB26B977210095AFB9 /* SceneDelegate.swift */; };
		E94721B126B977210095AFB9 /* Main.storyboard in Resources */ = {isa = PBXBuildFile; fileRef = E94721AF26B977210095AFB9 /* Main.storyboard */; };
		E94721B326B977210095AFB9 /* Assets.xcassets in Resources */ = {isa = PBXBuildFile; fileRef = E94721B226B977210095AFB9 /* Assets.xcassets */; };
		E94721B626B977210095AFB9 /* LaunchScreen.storyboard in Resources */ = {isa = PBXBuildFile; fileRef = E94721B426B977210095AFB9 /* LaunchScreen.storyboard */; };
		E94721BE26B977A90095AFB9 /* EpisodeList.swift in Sources */ = {isa = PBXBuildFile; fileRef = E94721BD26B977A90095AFB9 /* EpisodeList.swift */; };
		E94721C026B977C20095AFB9 /* Character.swift in Sources */ = {isa = PBXBuildFile; fileRef = E94721BF26B977C20095AFB9 /* Character.swift */; };
		E9981C0F26BA8089002F04C3 /* URLRequest+Extensions.swift in Sources */ = {isa = PBXBuildFile; fileRef = E9981C0E26BA8089002F04C3 /* URLRequest+Extensions.swift */; };
		E9981C1126BA8198002F04C3 /* EpisodesTableViewController.swift in Sources */ = {isa = PBXBuildFile; fileRef = E9981C1026BA8198002F04C3 /* EpisodesTableViewController.swift */; };
		E9981C1326BA825F002F04C3 /* EpisodeViewModel.swift in Sources */ = {isa = PBXBuildFile; fileRef = E9981C1226BA825F002F04C3 /* EpisodeViewModel.swift */; };
		E9981C1526BA8E8F002F04C3 /* CharactersTableViewController.swift in Sources */ = {isa = PBXBuildFile; fileRef = E9981C1426BA8E8F002F04C3 /* CharactersTableViewController.swift */; };
/* End PBXBuildFile section */

/* Begin PBXFileReference section */
		749B9E2FA835F79BE5758D09 /* Pods_Rick_and_Morty_MVVM_and_RxSwift.framework */ = {isa = PBXFileReference; explicitFileType = wrapper.framework; includeInIndex = 0; path = Pods_Rick_and_Morty_MVVM_and_RxSwift.framework; sourceTree = BUILT_PRODUCTS_DIR; };
		7A154437B79081587EE84AB7 /* Pods-Rick and Morty MVVM and RxSwift.debug.xcconfig */ = {isa = PBXFileReference; includeInIndex = 1; lastKnownFileType = text.xcconfig; name = "Pods-Rick and Morty MVVM and RxSwift.debug.xcconfig"; path = "Target Support Files/Pods-Rick and Morty MVVM and RxSwift/Pods-Rick and Morty MVVM and RxSwift.debug.xcconfig"; sourceTree = "<group>"; };
		B8BA8481641D7D115AAFAD9B /* Pods-Rick and Morty MVVM and RxSwift.release.xcconfig */ = {isa = PBXFileReference; includeInIndex = 1; lastKnownFileType = text.xcconfig; name = "Pods-Rick and Morty MVVM and RxSwift.release.xcconfig"; path = "Target Support Files/Pods-Rick and Morty MVVM and RxSwift/Pods-Rick and Morty MVVM and RxSwift.release.xcconfig"; sourceTree = "<group>"; };
		E94721A626B977210095AFB9 /* Rick and Morty MVVM and RxSwift.app */ = {isa = PBXFileReference; explicitFileType = wrapper.application; includeInIndex = 0; path = "Rick and Morty MVVM and RxSwift.app"; sourceTree = BUILT_PRODUCTS_DIR; };
		E94721A926B977210095AFB9 /* AppDelegate.swift */ = {isa = PBXFileReference; lastKnownFileType = sourcecode.swift; path = AppDelegate.swift; sourceTree = "<group>"; };
		E94721AB26B977210095AFB9 /* SceneDelegate.swift */ = {isa = PBXFileReference; lastKnownFileType = sourcecode.swift; path = SceneDelegate.swift; sourceTree = "<group>"; };
		E94721B026B977210095AFB9 /* Base */ = {isa = PBXFileReference; lastKnownFileType = file.storyboard; name = Base; path = Base.lproj/Main.storyboard; sourceTree = "<group>"; };
		E94721B226B977210095AFB9 /* Assets.xcassets */ = {isa = PBXFileReference; lastKnownFileType = folder.assetcatalog; path = Assets.xcassets; sourceTree = "<group>"; };
		E94721B526B977210095AFB9 /* Base */ = {isa = PBXFileReference; lastKnownFileType = file.storyboard; name = Base; path = Base.lproj/LaunchScreen.storyboard; sourceTree = "<group>"; };
		E94721B726B977210095AFB9 /* Info.plist */ = {isa = PBXFileReference; lastKnownFileType = text.plist.xml; path = Info.plist; sourceTree = "<group>"; };
		E94721BD26B977A90095AFB9 /* EpisodeList.swift */ = {isa = PBXFileReference; lastKnownFileType = sourcecode.swift; path = EpisodeList.swift; sourceTree = "<group>"; };
		E94721BF26B977C20095AFB9 /* Character.swift */ = {isa = PBXFileReference; lastKnownFileType = sourcecode.swift; path = Character.swift; sourceTree = "<group>"; };
		E9981C0E26BA8089002F04C3 /* URLRequest+Extensions.swift */ = {isa = PBXFileReference; lastKnownFileType = sourcecode.swift; path = "URLRequest+Extensions.swift"; sourceTree = "<group>"; };
		E9981C1026BA8198002F04C3 /* EpisodesTableViewController.swift */ = {isa = PBXFileReference; lastKnownFileType = sourcecode.swift; path = EpisodesTableViewController.swift; sourceTree = "<group>"; };
		E9981C1226BA825F002F04C3 /* EpisodeViewModel.swift */ = {isa = PBXFileReference; lastKnownFileType = sourcecode.swift; path = EpisodeViewModel.swift; sourceTree = "<group>"; };
		E9981C1426BA8E8F002F04C3 /* CharactersTableViewController.swift */ = {isa = PBXFileReference; lastKnownFileType = sourcecode.swift; path = CharactersTableViewController.swift; sourceTree = "<group>"; };
/* End PBXFileReference section */

/* Begin PBXFrameworksBuildPhase section */
		E94721A326B977210095AFB9 /* Frameworks */ = {
			isa = PBXFrameworksBuildPhase;
			buildActionMask = 2147483647;
			files = (
				6E29F3AC8D8867461FD545AB /* Pods_Rick_and_Morty_MVVM_and_RxSwift.framework in Frameworks */,
			);
			runOnlyForDeploymentPostprocessing = 0;
		};
/* End PBXFrameworksBuildPhase section */

/* Begin PBXGroup section */
		11A59CFB31B173D2874CC868 /* Pods */ = {
			isa = PBXGroup;
			children = (
				7A154437B79081587EE84AB7 /* Pods-Rick and Morty MVVM and RxSwift.debug.xcconfig */,
				B8BA8481641D7D115AAFAD9B /* Pods-Rick and Morty MVVM and RxSwift.release.xcconfig */,
			);
			path = Pods;
			sourceTree = "<group>";
		};
		E947219D26B977210095AFB9 = {
			isa = PBXGroup;
			children = (
				E94721A826B977210095AFB9 /* Rick and Morty MVVM and RxSwift */,
				E94721A726B977210095AFB9 /* Products */,
				11A59CFB31B173D2874CC868 /* Pods */,
				EE5E26640B57676C1DC9529D /* Frameworks */,
			);
			sourceTree = "<group>";
		};
		E94721A726B977210095AFB9 /* Products */ = {
			isa = PBXGroup;
			children = (
				E94721A626B977210095AFB9 /* Rick and Morty MVVM and RxSwift.app */,
			);
			name = Products;
			sourceTree = "<group>";
		};
		E94721A826B977210095AFB9 /* Rick and Morty MVVM and RxSwift */ = {
			isa = PBXGroup;
			children = (
				E9981C0D26BA8078002F04C3 /* Extensions */,
				E9981C0C26BA8068002F04C3 /* Controllers */,
				E9981C0B26BA805C002F04C3 /* View Models */,
				E94721C126B977D20095AFB9 /* Models */,
				E94721A926B977210095AFB9 /* AppDelegate.swift */,
				E94721AB26B977210095AFB9 /* SceneDelegate.swift */,
				E94721AF26B977210095AFB9 /* Main.storyboard */,
				E94721B226B977210095AFB9 /* Assets.xcassets */,
				E94721B426B977210095AFB9 /* LaunchScreen.storyboard */,
				E94721B726B977210095AFB9 /* Info.plist */,
			);
			path = "Rick and Morty MVVM and RxSwift";
			sourceTree = "<group>";
		};
		E94721C126B977D20095AFB9 /* Models */ = {
			isa = PBXGroup;
			children = (
				E94721BD26B977A90095AFB9 /* EpisodeList.swift */,
				E94721BF26B977C20095AFB9 /* Character.swift */,
			);
			path = Models;
			sourceTree = "<group>";
		};
		E9981C0B26BA805C002F04C3 /* View Models */ = {
			isa = PBXGroup;
			children = (
				E9981C1226BA825F002F04C3 /* EpisodeViewModel.swift */,
			);
			path = "View Models";
			sourceTree = "<group>";
		};
		E9981C0C26BA8068002F04C3 /* Controllers */ = {
			isa = PBXGroup;
			children = (
				E9981C1026BA8198002F04C3 /* EpisodesTableViewController.swift */,
				E9981C1426BA8E8F002F04C3 /* CharactersTableViewController.swift */,
			);
			path = Controllers;
			sourceTree = "<group>";
		};
		E9981C0D26BA8078002F04C3 /* Extensions */ = {
			isa = PBXGroup;
			children = (
				E9981C0E26BA8089002F04C3 /* URLRequest+Extensions.swift */,
			);
			path = Extensions;
			sourceTree = "<group>";
		};
		EE5E26640B57676C1DC9529D /* Frameworks */ = {
			isa = PBXGroup;
			children = (
				749B9E2FA835F79BE5758D09 /* Pods_Rick_and_Morty_MVVM_and_RxSwift.framework */,
			);
			name = Frameworks;
			sourceTree = "<group>";
		};
/* End PBXGroup section */

/* Begin PBXNativeTarget section */
		E94721A526B977210095AFB9 /* Rick and Morty MVVM and RxSwift */ = {
			isa = PBXNativeTarget;
			buildConfigurationList = E94721BA26B977210095AFB9 /* Build configuration list for PBXNativeTarget "Rick and Morty MVVM and RxSwift" */;
			buildPhases = (
				34493CA7AFBDB3F295B77D28 /* [CP] Check Pods Manifest.lock */,
				E94721A226B977210095AFB9 /* Sources */,
				E94721A326B977210095AFB9 /* Frameworks */,
				E94721A426B977210095AFB9 /* Resources */,
				A2FC5801972B22D58B8BEC7B /* [CP] Embed Pods Frameworks */,
			);
			buildRules = (
			);
			dependencies = (
			);
			name = "Rick and Morty MVVM and RxSwift";
			productName = "Rick and Morty MVVM and RxSwift";
			productReference = E94721A626B977210095AFB9 /* Rick and Morty MVVM and RxSwift.app */;
			productType = "com.apple.product-type.application";
		};
/* End PBXNativeTarget section */

/* Begin PBXProject section */
		E947219E26B977210095AFB9 /* Project object */ = {
			isa = PBXProject;
			attributes = {
				LastSwiftUpdateCheck = 1250;
				LastUpgradeCheck = 1250;
				TargetAttributes = {
					E94721A526B977210095AFB9 = {
						CreatedOnToolsVersion = 12.5.1;
					};
				};
			};
			buildConfigurationList = E94721A126B977210095AFB9 /* Build configuration list for PBXProject "Rick and Morty MVVM and RxSwift" */;
			compatibilityVersion = "Xcode 9.3";
			developmentRegion = en;
			hasScannedForEncodings = 0;
			knownRegions = (
				en,
				Base,
			);
			mainGroup = E947219D26B977210095AFB9;
			productRefGroup = E94721A726B977210095AFB9 /* Products */;
			projectDirPath = "";
			projectRoot = "";
			targets = (
				E94721A526B977210095AFB9 /* Rick and Morty MVVM and RxSwift */,
			);
		};
/* End PBXProject section */

/* Begin PBXResourcesBuildPhase section */
		E94721A426B977210095AFB9 /* Resources */ = {
			isa = PBXResourcesBuildPhase;
			buildActionMask = 2147483647;
			files = (
				E94721B626B977210095AFB9 /* LaunchScreen.storyboard in Resources */,
				E94721B326B977210095AFB9 /* Assets.xcassets in Resources */,
				E94721B126B977210095AFB9 /* Main.storyboard in Resources */,
			);
			runOnlyForDeploymentPostprocessing = 0;
		};
/* End PBXResourcesBuildPhase section */

/* Begin PBXShellScriptBuildPhase section */
		34493CA7AFBDB3F295B77D28 /* [CP] Check Pods Manifest.lock */ = {
			isa = PBXShellScriptBuildPhase;
			buildActionMask = 2147483647;
			files = (
			);
			inputFileListPaths = (
			);
			inputPaths = (
				"${PODS_PODFILE_DIR_PATH}/Podfile.lock",
				"${PODS_ROOT}/Manifest.lock",
			);
			name = "[CP] Check Pods Manifest.lock";
			outputFileListPaths = (
			);
			outputPaths = (
				"$(DERIVED_FILE_DIR)/Pods-Rick and Morty MVVM and RxSwift-checkManifestLockResult.txt",
			);
			runOnlyForDeploymentPostprocessing = 0;
			shellPath = /bin/sh;
			shellScript = "diff \"${PODS_PODFILE_DIR_PATH}/Podfile.lock\" \"${PODS_ROOT}/Manifest.lock\" > /dev/null\nif [ $? != 0 ] ; then\n    # print error to STDERR\n    echo \"error: The sandbox is not in sync with the Podfile.lock. Run 'pod install' or update your CocoaPods installation.\" >&2\n    exit 1\nfi\n# This output is used by Xcode 'outputs' to avoid re-running this script phase.\necho \"SUCCESS\" > \"${SCRIPT_OUTPUT_FILE_0}\"\n";
			showEnvVarsInLog = 0;
		};
		A2FC5801972B22D58B8BEC7B /* [CP] Embed Pods Frameworks */ = {
			isa = PBXShellScriptBuildPhase;
			buildActionMask = 2147483647;
			files = (
			);
			inputFileListPaths = (
				"${PODS_ROOT}/Target Support Files/Pods-Rick and Morty MVVM and RxSwift/Pods-Rick and Morty MVVM and RxSwift-frameworks-${CONFIGURATION}-input-files.xcfilelist",
			);
			name = "[CP] Embed Pods Frameworks";
			outputFileListPaths = (
				"${PODS_ROOT}/Target Support Files/Pods-Rick and Morty MVVM and RxSwift/Pods-Rick and Morty MVVM and RxSwift-frameworks-${CONFIGURATION}-output-files.xcfilelist",
			);
			runOnlyForDeploymentPostprocessing = 0;
			shellPath = /bin/sh;
			shellScript = "\"${PODS_ROOT}/Target Support Files/Pods-Rick and Morty MVVM and RxSwift/Pods-Rick and Morty MVVM and RxSwift-frameworks.sh\"\n";
			showEnvVarsInLog = 0;
		};
/* End PBXShellScriptBuildPhase section */

/* Begin PBXSourcesBuildPhase section */
		E94721A226B977210095AFB9 /* Sources */ = {
			isa = PBXSourcesBuildPhase;
			buildActionMask = 2147483647;
			files = (
				E94721BE26B977A90095AFB9 /* EpisodeList.swift in Sources */,
				E94721C026B977C20095AFB9 /* Character.swift in Sources */,
				E9981C1326BA825F002F04C3 /* EpisodeViewModel.swift in Sources */,
				E9981C0F26BA8089002F04C3 /* URLRequest+Extensions.swift in Sources */,
				E9981C1126BA8198002F04C3 /* EpisodesTableViewController.swift in Sources */,
				E9981C1526BA8E8F002F04C3 /* CharactersTableViewController.swift in Sources */,
				E94721AA26B977210095AFB9 /* AppDelegate.swift in Sources */,
				E94721AC26B977210095AFB9 /* SceneDelegate.swift in Sources */,
			);
			runOnlyForDeploymentPostprocessing = 0;
		};
/* End PBXSourcesBuildPhase section */

/* Begin PBXVariantGroup section */
		E94721AF26B977210095AFB9 /* Main.storyboard */ = {
			isa = PBXVariantGroup;
			children = (
				E94721B026B977210095AFB9 /* Base */,
			);
			name = Main.storyboard;
			sourceTree = "<group>";
		};
		E94721B426B977210095AFB9 /* LaunchScreen.storyboard */ = {
			isa = PBXVariantGroup;
			children = (
				E94721B526B977210095AFB9 /* Base */,
			);
			name = LaunchScreen.storyboard;
			sourceTree = "<group>";
		};
/* End PBXVariantGroup section */

/* Begin XCBuildConfiguration section */
		E94721B826B977210095AFB9 /* Debug */ = {
			isa = XCBuildConfiguration;
			buildSettings = {
				ALWAYS_SEARCH_USER_PATHS = NO;
				CLANG_ANALYZER_NONNULL = YES;
				CLANG_ANALYZER_NUMBER_OBJECT_CONVERSION = YES_AGGRESSIVE;
				CLANG_CXX_LANGUAGE_STANDARD = "gnu++14";
				CLANG_CXX_LIBRARY = "libc++";
				CLANG_ENABLE_MODULES = YES;
				CLANG_ENABLE_OBJC_ARC = YES;
				CLANG_ENABLE_OBJC_WEAK = YES;
				CLANG_WARN_BLOCK_CAPTURE_AUTORELEASING = YES;
				CLANG_WARN_BOOL_CONVERSION = YES;
				CLANG_WARN_COMMA = YES;
				CLANG_WARN_CONSTANT_CONVERSION = YES;
				CLANG_WARN_DEPRECATED_OBJC_IMPLEMENTATIONS = YES;
				CLANG_WARN_DIRECT_OBJC_ISA_USAGE = YES_ERROR;
				CLANG_WARN_DOCUMENTATION_COMMENTS = YES;
				CLANG_WARN_EMPTY_BODY = YES;
				CLANG_WARN_ENUM_CONVERSION = YES;
				CLANG_WARN_INFINITE_RECURSION = YES;
				CLANG_WARN_INT_CONVERSION = YES;
				CLANG_WARN_NON_LITERAL_NULL_CONVERSION = YES;
				CLANG_WARN_OBJC_IMPLICIT_RETAIN_SELF = YES;
				CLANG_WARN_OBJC_LITERAL_CONVERSION = YES;
				CLANG_WARN_OBJC_ROOT_CLASS = YES_ERROR;
				CLANG_WARN_QUOTED_INCLUDE_IN_FRAMEWORK_HEADER = YES;
				CLANG_WARN_RANGE_LOOP_ANALYSIS = YES;
				CLANG_WARN_STRICT_PROTOTYPES = YES;
				CLANG_WARN_SUSPICIOUS_MOVE = YES;
				CLANG_WARN_UNGUARDED_AVAILABILITY = YES_AGGRESSIVE;
				CLANG_WARN_UNREACHABLE_CODE = YES;
				CLANG_WARN__DUPLICATE_METHOD_MATCH = YES;
				COPY_PHASE_STRIP = NO;
				DEBUG_INFORMATION_FORMAT = dwarf;
				ENABLE_STRICT_OBJC_MSGSEND = YES;
				ENABLE_TESTABILITY = YES;
				GCC_C_LANGUAGE_STANDARD = gnu11;
				GCC_DYNAMIC_NO_PIC = NO;
				GCC_NO_COMMON_BLOCKS = YES;
				GCC_OPTIMIZATION_LEVEL = 0;
				GCC_PREPROCESSOR_DEFINITIONS = (
					"DEBUG=1",
					"$(inherited)",
				);
				GCC_WARN_64_TO_32_BIT_CONVERSION = YES;
				GCC_WARN_ABOUT_RETURN_TYPE = YES_ERROR;
				GCC_WARN_UNDECLARED_SELECTOR = YES;
				GCC_WARN_UNINITIALIZED_AUTOS = YES_AGGRESSIVE;
				GCC_WARN_UNUSED_FUNCTION = YES;
				GCC_WARN_UNUSED_VARIABLE = YES;
				IPHONEOS_DEPLOYMENT_TARGET = 14.5;
				MTL_ENABLE_DEBUG_INFO = INCLUDE_SOURCE;
				MTL_FAST_MATH = YES;
				ONLY_ACTIVE_ARCH = YES;
				SDKROOT = iphoneos;
				SWIFT_ACTIVE_COMPILATION_CONDITIONS = DEBUG;
				SWIFT_OPTIMIZATION_LEVEL = "-Onone";
			};
			name = Debug;
		};
		E94721B926B977210095AFB9 /* Release */ = {
			isa = XCBuildConfiguration;
			buildSettings = {
				ALWAYS_SEARCH_USER_PATHS = NO;
				CLANG_ANALYZER_NONNULL = YES;
				CLANG_ANALYZER_NUMBER_OBJECT_CONVERSION = YES_AGGRESSIVE;
				CLANG_CXX_LANGUAGE_STANDARD = "gnu++14";
				CLANG_CXX_LIBRARY = "libc++";
				CLANG_ENABLE_MODULES = YES;
				CLANG_ENABLE_OBJC_ARC = YES;
				CLANG_ENABLE_OBJC_WEAK = YES;
				CLANG_WARN_BLOCK_CAPTURE_AUTORELEASING = YES;
				CLANG_WARN_BOOL_CONVERSION = YES;
				CLANG_WARN_COMMA = YES;
				CLANG_WARN_CONSTANT_CONVERSION = YES;
				CLANG_WARN_DEPRECATED_OBJC_IMPLEMENTATIONS = YES;
				CLANG_WARN_DIRECT_OBJC_ISA_USAGE = YES_ERROR;
				CLANG_WARN_DOCUMENTATION_COMMENTS = YES;
				CLANG_WARN_EMPTY_BODY = YES;
				CLANG_WARN_ENUM_CONVERSION = YES;
				CLANG_WARN_INFINITE_RECURSION = YES;
				CLANG_WARN_INT_CONVERSION = YES;
				CLANG_WARN_NON_LITERAL_NULL_CONVERSION = YES;
				CLANG_WARN_OBJC_IMPLICIT_RETAIN_SELF = YES;
				CLANG_WARN_OBJC_LITERAL_CONVERSION = YES;
				CLANG_WARN_OBJC_ROOT_CLASS = YES_ERROR;
				CLANG_WARN_QUOTED_INCLUDE_IN_FRAMEWORK_HEADER = YES;
				CLANG_WARN_RANGE_LOOP_ANALYSIS = YES;
				CLANG_WARN_STRICT_PROTOTYPES = YES;
				CLANG_WARN_SUSPICIOUS_MOVE = YES;
				CLANG_WARN_UNGUARDED_AVAILABILITY = YES_AGGRESSIVE;
				CLANG_WARN_UNREACHABLE_CODE = YES;
				CLANG_WARN__DUPLICATE_METHOD_MATCH = YES;
				COPY_PHASE_STRIP = NO;
				DEBUG_INFORMATION_FORMAT = "dwarf-with-dsym";
				ENABLE_NS_ASSERTIONS = NO;
				ENABLE_STRICT_OBJC_MSGSEND = YES;
				GCC_C_LANGUAGE_STANDARD = gnu11;
				GCC_NO_COMMON_BLOCKS = YES;
				GCC_WARN_64_TO_32_BIT_CONVERSION = YES;
				GCC_WARN_ABOUT_RETURN_TYPE = YES_ERROR;
				GCC_WARN_UNDECLARED_SELECTOR = YES;
				GCC_WARN_UNINITIALIZED_AUTOS = YES_AGGRESSIVE;
				GCC_WARN_UNUSED_FUNCTION = YES;
				GCC_WARN_UNUSED_VARIABLE = YES;
				IPHONEOS_DEPLOYMENT_TARGET = 14.5;
				MTL_ENABLE_DEBUG_INFO = NO;
				MTL_FAST_MATH = YES;
				SDKROOT = iphoneos;
				SWIFT_COMPILATION_MODE = wholemodule;
				SWIFT_OPTIMIZATION_LEVEL = "-O";
				VALIDATE_PRODUCT = YES;
			};
			name = Release;
		};
		E94721BB26B977210095AFB9 /* Debug */ = {
			isa = XCBuildConfiguration;
			baseConfigurationReference = 7A154437B79081587EE84AB7 /* Pods-Rick and Morty MVVM and RxSwift.debug.xcconfig */;
			buildSettings = {
				ASSETCATALOG_COMPILER_APPICON_NAME = AppIcon;
				ASSETCATALOG_COMPILER_GLOBAL_ACCENT_COLOR_NAME = AccentColor;
				CODE_SIGN_STYLE = Automatic;
				DEVELOPMENT_TEAM = 87GZ4V994Y;
				INFOPLIST_FILE = "Rick and Morty MVVM and RxSwift/Info.plist";
				LD_RUNPATH_SEARCH_PATHS = (
					"$(inherited)",
					"@executable_path/Frameworks",
				);
				PRODUCT_BUNDLE_IDENTIFIER = "com.flatrocktech.Rick-and-Morty-MVVM-and-RxSwift";
				PRODUCT_NAME = "$(TARGET_NAME)";
				SWIFT_VERSION = 5.0;
				TARGETED_DEVICE_FAMILY = "1,2";
			};
			name = Debug;
		};
		E94721BC26B977210095AFB9 /* Release */ = {
			isa = XCBuildConfiguration;
			baseConfigurationReference = B8BA8481641D7D115AAFAD9B /* Pods-Rick and Morty MVVM and RxSwift.release.xcconfig */;
			buildSettings = {
				ASSETCATALOG_COMPILER_APPICON_NAME = AppIcon;
				ASSETCATALOG_COMPILER_GLOBAL_ACCENT_COLOR_NAME = AccentColor;
				CODE_SIGN_STYLE = Automatic;
				DEVELOPMENT_TEAM = 87GZ4V994Y;
				INFOPLIST_FILE = "Rick and Morty MVVM and RxSwift/Info.plist";
				LD_RUNPATH_SEARCH_PATHS = (
					"$(inherited)",
					"@executable_path/Frameworks",
				);
				PRODUCT_BUNDLE_IDENTIFIER = "com.flatrocktech.Rick-and-Morty-MVVM-and-RxSwift";
				PRODUCT_NAME = "$(TARGET_NAME)";
				SWIFT_VERSION = 5.0;
				TARGETED_DEVICE_FAMILY = "1,2";
			};
			name = Release;
		};
/* End XCBuildConfiguration section */

/* Begin XCConfigurationList section */
		E94721A126B977210095AFB9 /* Build configuration list for PBXProject "Rick and Morty MVVM and RxSwift" */ = {
			isa = XCConfigurationList;
			buildConfigurations = (
				E94721B826B977210095AFB9 /* Debug */,
				E94721B926B977210095AFB9 /* Release */,
			);
			defaultConfigurationIsVisible = 0;
			defaultConfigurationName = Release;
		};
		E94721BA26B977210095AFB9 /* Build configuration list for PBXNativeTarget "Rick and Morty MVVM and RxSwift" */ = {
			isa = XCConfigurationList;
			buildConfigurations = (
				E94721BB26B977210095AFB9 /* Debug */,
				E94721BC26B977210095AFB9 /* Release */,
			);
			defaultConfigurationIsVisible = 0;
			defaultConfigurationName = Release;
		};
/* End XCConfigurationList section */
	};
	rootObject = E947219E26B977210095AFB9 /* Project object */;
}
